{
    "_meta": {
        "hash": {
            "sha256": "53700510b2277db83824f3b4373e7ed2e6a84c1bc31538c0265a9bba9f5f6534"
        },
        "pipfile-spec": 6,
        "requires": {
            "python_version": "3.11"
        },
        "sources": [
            {
                "name": "pypi",
                "url": "https://pypi.org/simple",
                "verify_ssl": true
            }
        ]
    },
    "default": {
        "pypdf": {
            "hashes": [
                "sha256:3f07891af76dc002657e04993ab9b4de81de29f9013b9761d0b7968bff12e946",
                "sha256:7873f502fe4385e79539b21d872392dc0c4e3714327c15881cbc7fbfd1f95b25"
            ],
            "index": "pypi",
            "markers": "python_version >= '3.9'",
            "version": "==6.14.2"
        }
    },
    "develop": {}
}
